// !$*UTF8*$!
{
	archiveVersion = 1;
	classes = {
	};
	objectVersion = 48;
	objects = {

/* Begin PBXBuildFile section */
		694F87AF1FB1316300834736 /* sale.swift in Sources */ = {isa = PBXBuildFile; fileRef = 694F87AE1FB1316300834736 /* sale.swift */; };
		694F87B31FB15FFC00834736 /* servicesVC.swift in Sources */ = {isa = PBXBuildFile; fileRef = 694F87B21FB15FFC00834736 /* servicesVC.swift */; };
		694F87B51FB2730B00834736 /* saleVC.swift in Sources */ = {isa = PBXBuildFile; fileRef = 694F87B41FB2730B00834736 /* saleVC.swift */; };
		69A78B741FB01A06005DCB75 /* AppDelegate.swift in Sources */ = {isa = PBXBuildFile; fileRef = 69A78B731FB01A06005DCB75 /* AppDelegate.swift */; };
		69A78B761FB01A06005DCB75 /* ViewController.swift in Sources */ = {isa = PBXBuildFile; fileRef = 69A78B751FB01A06005DCB75 /* ViewController.swift */; };
		69A78B791FB01A06005DCB75 /* Main.storyboard in Resources */ = {isa = PBXBuildFile; fileRef = 69A78B771FB01A06005DCB75 /* Main.storyboard */; };
		69A78B7B1FB01A06005DCB75 /* Assets.xcassets in Resources */ = {isa = PBXBuildFile; fileRef = 69A78B7A1FB01A06005DCB75 /* Assets.xcassets */; };
		69A78B7E1FB01A06005DCB75 /* LaunchScreen.storyboard in Resources */ = {isa = PBXBuildFile; fileRef = 69A78B7C1FB01A06005DCB75 /* LaunchScreen.storyboard */; };
		69A78B891FB01A06005DCB75 /* shoppingAppTests.swift in Sources */ = {isa = PBXBuildFile; fileRef = 69A78B881FB01A06005DCB75 /* shoppingAppTests.swift */; };
		69A78B941FB01A07005DCB75 /* shoppingAppUITests.swift in Sources */ = {isa = PBXBuildFile; fileRef = 69A78B931FB01A07005DCB75 /* shoppingAppUITests.swift */; };
/* End PBXBuildFile section */

/* Begin PBXContainerItemProxy section */
		69A78B851FB01A06005DCB75 /* PBXContainerItemProxy */ = {
			isa = PBXContainerItemProxy;
			containerPortal = 69A78B681FB01A06005DCB75 /* Project object */;
			proxyType = 1;
			remoteGlobalIDString = 69A78B6F1FB01A06005DCB75;
			remoteInfo = shoppingApp;
		};
		69A78B901FB01A07005DCB75 /* PBXContainerItemProxy */ = {
			isa = PBXContainerItemProxy;
			containerPortal = 69A78B681FB01A06005DCB75 /* Project object */;
			proxyType = 1;
			remoteGlobalIDString = 69A78B6F1FB01A06005DCB75;
			remoteInfo = shoppingApp;
		};
/* End PBXContainerItemProxy section */

/* Begin PBXFileReference section */
		694F87AE1FB1316300834736 /* sale.swift */ = {isa = PBXFileReference; lastKnownFileType = sourcecode.swift; path = sale.swift; sourceTree = "<group>"; };
		694F87B21FB15FFC00834736 /* servicesVC.swift */ = {isa = PBXFileReference; lastKnownFileType = sourcecode.swift; path = servicesVC.swift; sourceTree = "<group>"; };
		694F87B41FB2730B00834736 /* saleVC.swift */ = {isa = PBXFileReference; lastKnownFileType = sourcecode.swift; path = saleVC.swift; sourceTree = "<group>"; };
		69A78B701FB01A06005DCB75 /* shoppingApp.app */ = {isa = PBXFileReference; explicitFileType = wrapper.application; includeInIndex = 0; path = shoppingApp.app; sourceTree = BUILT_PRODUCTS_DIR; };
		69A78B731FB01A06005DCB75 /* AppDelegate.swift */ = {isa = PBXFileReference; lastKnownFileType = sourcecode.swift; path = AppDelegate.swift; sourceTree = "<group>"; };
		69A78B751FB01A06005DCB75 /* ViewController.swift */ = {isa = PBXFileReference; lastKnownFileType = sourcecode.swift; path = ViewController.swift; sourceTree = "<group>"; };
		69A78B781FB01A06005DCB75 /* Base */ = {isa = PBXFileReference; lastKnownFileType = file.storyboard; name = Base; path = Base.lproj/Main.storyboard; sourceTree = "<group>"; };
		69A78B7A1FB01A06005DCB75 /* Assets.xcassets */ = {isa = PBXFileReference; lastKnownFileType = folder.assetcatalog; path = Assets.xcassets; sourceTree = "<group>"; };
		69A78B7D1FB01A06005DCB75 /* Base */ = {isa = PBXFileReference; lastKnownFileType = file.storyboard; name = Base; path = Base.lproj/LaunchScreen.storyboard; sourceTree = "<group>"; };
		69A78B7F1FB01A06005DCB75 /* Info.plist */ = {isa = PBXFileReference; lastKnownFileType = text.plist.xml; path = Info.plist; sourceTree = "<group>"; };
		69A78B841FB01A06005DCB75 /* shoppingAppTests.xctest */ = {isa = PBXFileReference; explicitFileType = wrapper.cfbundle; includeInIndex = 0; path = shoppingAppTests.xctest; sourceTree = BUILT_PRODUCTS_DIR; };
		69A78B881FB01A06005DCB75 /* shoppingAppTests.swift */ = {isa = PBXFileReference; lastKnownFileType = sourcecode.swift; path = shoppingAppTests.swift; sourceTree = "<group>"; };
		69A78B8A1FB01A06005DCB75 /* Info.plist */ = {isa = PBXFileReference; lastKnownFileType = text.plist.xml; path = Info.plist; sourceTree = "<group>"; };
		69A78B8F1FB01A07005DCB75 /* shoppingAppUITests.xctest */ = {isa = PBXFileReference; explicitFileType = wrapper.cfbundle; includeInIndex = 0; path = shoppingAppUITests.xctest; sourceTree = BUILT_PRODUCTS_DIR; };
		69A78B931FB01A07005DCB75 /* shoppingAppUITests.swift */ = {isa = PBXFileReference; lastKnownFileType = sourcecode.swift; path = shoppingAppUITests.swift; sourceTree = "<group>"; };
		69A78B951FB01A07005DCB75 /* Info.plist */ = {isa = PBXFileReference; lastKnownFileType = text.plist.xml; path = Info.plist; sourceTree = "<group>"; };
/* End PBXFileReference section */

/* Begin PBXFrameworksBuildPhase section */
		69A78B6D1FB01A06005DCB75 /* Frameworks */ = {
			isa = PBXFrameworksBuildPhase;
			buildActionMask = 2147483647;
			files = (
			);
			runOnlyForDeploymentPostprocessing = 0;
		};
		69A78B811FB01A06005DCB75 /* Frameworks */ = {
			isa = PBXFrameworksBuildPhase;
			buildActionMask = 2147483647;
			files = (
			);
			runOnlyForDeploymentPostprocessing = 0;
		};
		69A78B8C1FB01A07005DCB75 /* Frameworks */ = {
			isa = PBXFrameworksBuildPhase;
			buildActionMask = 2147483647;
			files = (
			);
			runOnlyForDeploymentPostprocessing = 0;
		};
/* End PBXFrameworksBuildPhase section */

/* Begin PBXGroup section */
		694F87AD1FB1312700834736 /* structures */ = {
			isa = PBXGroup;
			children = (
				694F87AE1FB1316300834736 /* sale.swift */,
			);
			path = structures;
			sourceTree = "<group>";
		};
		69A78B671FB01A06005DCB75 = {
			isa = PBXGroup;
			children = (
				69A78B721FB01A06005DCB75 /* shoppingApp */,
				69A78B871FB01A06005DCB75 /* shoppingAppTests */,
				69A78B921FB01A07005DCB75 /* shoppingAppUITests */,
				69A78B711FB01A06005DCB75 /* Products */,
			);
			sourceTree = "<group>";
		};
		69A78B711FB01A06005DCB75 /* Products */ = {
			isa = PBXGroup;
			children = (
				69A78B701FB01A06005DCB75 /* shoppingApp.app */,
				69A78B841FB01A06005DCB75 /* shoppingAppTests.xctest */,
				69A78B8F1FB01A07005DCB75 /* shoppingAppUITests.xctest */,
			);
			name = Products;
			sourceTree = "<group>";
		};
		69A78B721FB01A06005DCB75 /* shoppingApp */ = {
			isa = PBXGroup;
			children = (
				694F87AD1FB1312700834736 /* structures */,
				69A78BA21FB12BD9005DCB75 /* Controller */,
				69A78BA11FB12BD2005DCB75 /* View */,
				69A78B731FB01A06005DCB75 /* AppDelegate.swift */,
				69A78B771FB01A06005DCB75 /* Main.storyboard */,
				69A78B7A1FB01A06005DCB75 /* Assets.xcassets */,
				69A78B7C1FB01A06005DCB75 /* LaunchScreen.storyboard */,
				69A78B7F1FB01A06005DCB75 /* Info.plist */,
			);
			path = shoppingApp;
			sourceTree = "<group>";
		};
		69A78B871FB01A06005DCB75 /* shoppingAppTests */ = {
			isa = PBXGroup;
			children = (
				69A78B881FB01A06005DCB75 /* shoppingAppTests.swift */,
				69A78B8A1FB01A06005DCB75 /* Info.plist */,
			);
			path = shoppingAppTests;
			sourceTree = "<group>";
		};
		69A78B921FB01A07005DCB75 /* shoppingAppUITests */ = {
			isa = PBXGroup;
			children = (
				69A78B931FB01A07005DCB75 /* shoppingAppUITests.swift */,
				69A78B951FB01A07005DCB75 /* Info.plist */,
			);
			path = shoppingAppUITests;
			sourceTree = "<group>";
		};
		69A78BA11FB12BD2005DCB75 /* View */ = {
			isa = PBXGroup;
			children = (
			);
			path = View;
			sourceTree = "<group>";
		};
		69A78BA21FB12BD9005DCB75 /* Controller */ = {
			isa = PBXGroup;
			children = (
				69A78B751FB01A06005DCB75 /* ViewController.swift */,
				694F87B21FB15FFC00834736 /* servicesVC.swift */,
				694F87B41FB2730B00834736 /* saleVC.swift */,
			);
			path = Controller;
			sourceTree = "<group>";
		};
/* End PBXGroup section */

/* Begin PBXNativeTarget section */
		69A78B6F1FB01A06005DCB75 /* shoppingApp */ = {
			isa = PBXNativeTarget;
			buildConfigurationList = 69A78B981FB01A07005DCB75 /* Build configuration list for PBXNativeTarget "shoppingApp" */;
			buildPhases = (
				69A78B6C1FB01A06005DCB75 /* Sources */,
				69A78B6D1FB01A06005DCB75 /* Frameworks */,
				69A78B6E1FB01A06005DCB75 /* Resources */,
			);
			buildRules = (
			);
			dependencies = (
			);
			name = shoppingApp;
			productName = shoppingApp;
			productReference = 69A78B701FB01A06005DCB75 /* shoppingApp.app */;
			productType = "com.apple.product-type.application";
		};
		69A78B831FB01A06005DCB75 /* shoppingAppTests */ = {
			isa = PBXNativeTarget;
			buildConfigurationList = 69A78B9B1FB01A07005DCB75 /* Build configuration list for PBXNativeTarget "shoppingAppTests" */;
			buildPhases = (
				69A78B801FB01A06005DCB75 /* Sources */,
				69A78B811FB01A06005DCB75 /* Frameworks */,
				69A78B821FB01A06005DCB75 /* Resources */,
			);
			buildRules = (
			);
			dependencies = (
				69A78B861FB01A06005DCB75 /* PBXTargetDependency */,
			);
			name = shoppingAppTests;
			productName = shoppingAppTests;
			productReference = 69A78B841FB01A06005DCB75 /* shoppingAppTests.xctest */;
			productType = "com.apple.product-type.bundle.unit-test";
		};
		69A78B8E1FB01A07005DCB75 /* shoppingAppUITests */ = {
			isa = PBXNativeTarget;
			buildConfigurationList = 69A78B9E1FB01A07005DCB75 /* Build configuration list for PBXNativeTarget "shoppingAppUITests" */;
			buildPhases = (
				69A78B8B1FB01A07005DCB75 /* Sources */,
				69A78B8C1FB01A07005DCB75 /* Frameworks */,
				69A78B8D1FB01A07005DCB75 /* Resources */,
			);
			buildRules = (
			);
			dependencies = (
				69A78B911FB01A07005DCB75 /* PBXTargetDependency */,
			);
			name = shoppingAppUITests;
			productName = shoppingAppUITests;
			productReference = 69A78B8F1FB01A07005DCB75 /* shoppingAppUITests.xctest */;
			productType = "com.apple.product-type.bundle.ui-testing";
		};
/* End PBXNativeTarget section */

/* Begin PBXProject section */
		69A78B681FB01A06005DCB75 /* Project object */ = {
			isa = PBXProject;
			attributes = {
				LastSwiftUpdateCheck = 0900;
				LastUpgradeCheck = 0900;
				ORGANIZATIONNAME = Devign;
				TargetAttributes = {
					69A78B6F1FB01A06005DCB75 = {
						CreatedOnToolsVersion = 9.0.1;
						ProvisioningStyle = Automatic;
					};
					69A78B831FB01A06005DCB75 = {
						CreatedOnToolsVersion = 9.0.1;
						ProvisioningStyle = Automatic;
						TestTargetID = 69A78B6F1FB01A06005DCB75;
					};
					69A78B8E1FB01A07005DCB75 = {
						CreatedOnToolsVersion = 9.0.1;
						ProvisioningStyle = Automatic;
						TestTargetID = 69A78B6F1FB01A06005DCB75;
					};
				};
			};
			buildConfigurationList = 69A78B6B1FB01A06005DCB75 /* Build configuration list for PBXProject "shoppingApp" */;
			compatibilityVersion = "Xcode 8.0";
			developmentRegion = en;
			hasScannedForEncodings = 0;
			knownRegions = (
				en,
				Base,
			);
			mainGroup = 69A78B671FB01A06005DCB75;
			productRefGroup = 69A78B711FB01A06005DCB75 /* Products */;
			projectDirPath = "";
			projectRoot = "";
			targets = (
				69A78B6F1FB01A06005DCB75 /* shoppingApp */,
				69A78B831FB01A06005DCB75 /* shoppingAppTests */,
				69A78B8E1FB01A07005DCB75 /* shoppingAppUITests */,
			);
		};
/* End PBXProject section */

/* Begin PBXResourcesBuildPhase section */
		69A78B6E1FB01A06005DCB75 /* Resources */ = {
			isa = PBXResourcesBuildPhase;
			buildActionMask = 2147483647;
			files = (
				69A78B7E1FB01A06005DCB75 /* LaunchScreen.storyboard in Resources */,
				69A78B7B1FB01A06005DCB75 /* Assets.xcassets in Resources */,
				69A78B791FB01A06005DCB75 /* Main.storyboard in Resources */,
			);
			runOnlyForDeploymentPostprocessing = 0;
		};
		69A78B821FB01A06005DCB75 /* Resources */ = {
			isa = PBXResourcesBuildPhase;
			buildActionMask = 2147483647;
			files = (
			);
			runOnlyForDeploymentPostprocessing = 0;
		};
		69A78B8D1FB01A07005DCB75 /* Resources */ = {
			isa = PBXResourcesBuildPhase;
			buildActionMask = 2147483647;
			files = (
			);
			runOnlyForDeploymentPostprocessing = 0;
		};
/* End PBXResourcesBuildPhase section */

/* Begin PBXSourcesBuildPhase section */
		69A78B6C1FB01A06005DCB75 /* Sources */ = {
			isa = PBXSourcesBuildPhase;
			buildActionMask = 2147483647;
			files = (
				694F87B31FB15FFC00834736 /* servicesVC.swift in Sources */,
				694F87AF1FB1316300834736 /* sale.swift in Sources */,
				694F87B51FB2730B00834736 /* saleVC.swift in Sources */,
				69A78B761FB01A06005DCB75 /* ViewController.swift in Sources */,
				69A78B741FB01A06005DCB75 /* AppDelegate.swift in Sources */,
			);
			runOnlyForDeploymentPostprocessing = 0;
		};
		69A78B801FB01A06005DCB75 /* Sources */ = {
			isa = PBXSourcesBuildPhase;
			buildActionMask = 2147483647;
			files = (
				69A78B891FB01A06005DCB75 /* shoppingAppTests.swift in Sources */,
			);
			runOnlyForDeploymentPostprocessing = 0;
		};
		69A78B8B1FB01A07005DCB75 /* Sources */ = {
			isa = PBXSourcesBuildPhase;
			buildActionMask = 2147483647;
			files = (
				69A78B941FB01A07005DCB75 /* shoppingAppUITests.swift in Sources */,
			);
			runOnlyForDeploymentPostprocessing = 0;
		};
/* End PBXSourcesBuildPhase section */

/* Begin PBXTargetDependency section */
		69A78B861FB01A06005DCB75 /* PBXTargetDependency */ = {
			isa = PBXTargetDependency;
			target = 69A78B6F1FB01A06005DCB75 /* shoppingApp */;
			targetProxy = 69A78B851FB01A06005DCB75 /* PBXContainerItemProxy */;
		};
		69A78B911FB01A07005DCB75 /* PBXTargetDependency */ = {
			isa = PBXTargetDependency;
			target = 69A78B6F1FB01A06005DCB75 /* shoppingApp */;
			targetProxy = 69A78B901FB01A07005DCB75 /* PBXContainerItemProxy */;
		};
/* End PBXTargetDependency section */

/* Begin PBXVariantGroup section */
		69A78B771FB01A06005DCB75 /* Main.storyboard */ = {
			isa = PBXVariantGroup;
			children = (
				69A78B781FB01A06005DCB75 /* Base */,
			);
			name = Main.storyboard;
			sourceTree = "<group>";
		};
		69A78B7C1FB01A06005DCB75 /* LaunchScreen.storyboard */ = {
			isa = PBXVariantGroup;
			children = (
				69A78B7D1FB01A06005DCB75 /* Base */,
			);
			name = LaunchScreen.storyboard;
			sourceTree = "<group>";
		};
/* End PBXVariantGroup section */

/* Begin XCBuildConfiguration section */
		69A78B961FB01A07005DCB75 /* Debug */ = {
			isa = XCBuildConfiguration;
			buildSettings = {
				ALWAYS_SEARCH_USER_PATHS = NO;
				CLANG_ANALYZER_NONNULL = YES;
				CLANG_ANALYZER_NUMBER_OBJECT_CONVERSION = YES_AGGRESSIVE;
				CLANG_CXX_LANGUAGE_STANDARD = "gnu++14";
				CLANG_CXX_LIBRARY = "libc++";
				CLANG_ENABLE_MODULES = YES;
				CLANG_ENABLE_OBJC_ARC = YES;
				CLANG_WARN_BLOCK_CAPTURE_AUTORELEASING = YES;
				CLANG_WARN_BOOL_CONVERSION = YES;
				CLANG_WARN_COMMA = YES;
				CLANG_WARN_CONSTANT_CONVERSION = YES;
				CLANG_WARN_DIRECT_OBJC_ISA_USAGE = YES_ERROR;
				CLANG_WARN_DOCUMENTATION_COMMENTS = YES;
				CLANG_WARN_EMPTY_BODY = YES;
				CLANG_WARN_ENUM_CONVERSION = YES;
				CLANG_WARN_INFINITE_RECURSION = YES;
				CLANG_WARN_INT_CONVERSION = YES;
				CLANG_WARN_NON_LITERAL_NULL_CONVERSION = YES;
				CLANG_WARN_OBJC_LITERAL_CONVERSION = YES;
				CLANG_WARN_OBJC_ROOT_CLASS = YES_ERROR;
				CLANG_WARN_RANGE_LOOP_ANALYSIS = YES;
				CLANG_WARN_STRICT_PROTOTYPES = YES;
				CLANG_WARN_SUSPICIOUS_MOVE = YES;
				CLANG_WARN_UNGUARDED_AVAILABILITY = YES_AGGRESSIVE;
				CLANG_WARN_UNREACHABLE_CODE = YES;
				CLANG_WARN__DUPLICATE_METHOD_MATCH = YES;
				CODE_SIGN_IDENTITY = "iPhone Developer";
				COPY_PHASE_STRIP = NO;
				DEBUG_INFORMATION_FORMAT = dwarf;
				ENABLE_STRICT_OBJC_MSGSEND = YES;
				ENABLE_TESTABILITY = YES;
				GCC_C_LANGUAGE_STANDARD = gnu11;
				GCC_DYNAMIC_NO_PIC = NO;
				GCC_NO_COMMON_BLOCKS = YES;
				GCC_OPTIMIZATION_LEVEL = 0;
				GCC_PREPROCESSOR_DEFINITIONS = (
					"DEBUG=1",
					"$(inherited)",
				);
				GCC_WARN_64_TO_32_BIT_CONVERSION = YES;
				GCC_WARN_ABOUT_RETURN_TYPE = YES_ERROR;
				GCC_WARN_UNDECLARED_SELECTOR = YES;
				GCC_WARN_UNINITIALIZED_AUTOS = YES_AGGRESSIVE;
				GCC_WARN_UNUSED_FUNCTION = YES;
				GCC_WARN_UNUSED_VARIABLE = YES;
				IPHONEOS_DEPLOYMENT_TARGET = 11.0;
				MTL_ENABLE_DEBUG_INFO = YES;
				ONLY_ACTIVE_ARCH = YES;
				SDKROOT = iphoneos;
				SWIFT_ACTIVE_COMPILATION_CONDITIONS = DEBUG;
				SWIFT_OPTIMIZATION_LEVEL = "-Onone";
			};
			name = Debug;
		};
		69A78B971FB01A07005DCB75 /* Release */ = {
			isa = XCBuildConfiguration;
			buildSettings = {
				ALWAYS_SEARCH_USER_PATHS = NO;
				CLANG_ANALYZER_NONNULL = YES;
				CLANG_ANALYZER_NUMBER_OBJECT_CONVERSION = YES_AGGRESSIVE;
				CLANG_CXX_LANGUAGE_STANDARD = "gnu++14";
				CLANG_CXX_LIBRARY = "libc++";
				CLANG_ENABLE_MODULES = YES;
				CLANG_ENABLE_OBJC_ARC = YES;
				CLANG_WARN_BLOCK_CAPTURE_AUTORELEASING = YES;
				CLANG_WARN_BOOL_CONVERSION = YES;
				CLANG_WARN_COMMA = YES;
				CLANG_WARN_CONSTANT_CONVERSION = YES;
				CLANG_WARN_DIRECT_OBJC_ISA_USAGE = YES_ERROR;
				CLANG_WARN_DOCUMENTATION_COMMENTS = YES;
				CLANG_WARN_EMPTY_BODY = YES;
				CLANG_WARN_ENUM_CONVERSION = YES;
				CLANG_WARN_INFINITE_RECURSION = YES;
				CLANG_WARN_INT_CONVERSION = YES;
				CLANG_WARN_NON_LITERAL_NULL_CONVERSION = YES;
				CLANG_WARN_OBJC_LITERAL_CONVERSION = YES;
				CLANG_WARN_OBJC_ROOT_CLASS = YES_ERROR;
				CLANG_WARN_RANGE_LOOP_ANALYSIS = YES;
				CLANG_WARN_STRICT_PROTOTYPES = YES;
				CLANG_WARN_SUSPICIOUS_MOVE = YES;
				CLANG_WARN_UNGUARDED_AVAILABILITY = YES_AGGRESSIVE;
				CLANG_WARN_UNREACHABLE_CODE = YES;
				CLANG_WARN__DUPLICATE_METHOD_MATCH = YES;
				CODE_SIGN_IDENTITY = "iPhone Developer";
				COPY_PHASE_STRIP = NO;
				DEBUG_INFORMATION_FORMAT = "dwarf-with-dsym";
				ENABLE_NS_ASSERTIONS = NO;
				ENABLE_STRICT_OBJC_MSGSEND = YES;
				GCC_C_LANGUAGE_STANDARD = gnu11;
				GCC_NO_COMMON_BLOCKS = YES;
				GCC_WARN_64_TO_32_BIT_CONVERSION = YES;
				GCC_WARN_ABOUT_RETURN_TYPE = YES_ERROR;
				GCC_WARN_UNDECLARED_SELECTOR = YES;
				GCC_WARN_UNINITIALIZED_AUTOS = YES_AGGRESSIVE;
				GCC_WARN_UNUSED_FUNCTION = YES;
				GCC_WARN_UNUSED_VARIABLE = YES;
				IPHONEOS_DEPLOYMENT_TARGET = 11.0;
				MTL_ENABLE_DEBUG_INFO = NO;
				SDKROOT = iphoneos;
				SWIFT_OPTIMIZATION_LEVEL = "-Owholemodule";
				VALIDATE_PRODUCT = YES;
			};
			name = Release;
		};
		69A78B991FB01A07005DCB75 /* Debug */ = {
			isa = XCBuildConfiguration;
			buildSettings = {
				ASSETCATALOG_COMPILER_APPICON_NAME = AppIcon;
				CODE_SIGN_STYLE = Automatic;
				DEVELOPMENT_TEAM = J2MDH2WMW7;
				INFOPLIST_FILE = shoppingApp/Info.plist;
				LD_RUNPATH_SEARCH_PATHS = "$(inherited) @executable_path/Frameworks";
				PRODUCT_BUNDLE_IDENTIFIER = Devign.shoppingApp;
				PRODUCT_NAME = "$(TARGET_NAME)";
				SWIFT_VERSION = 4.0;
				TARGETED_DEVICE_FAMILY = "1,2";
			};
			name = Debug;
		};
		69A78B9A1FB01A07005DCB75 /* Release */ = {
			isa = XCBuildConfiguration;
			buildSettings = {
				ASSETCATALOG_COMPILER_APPICON_NAME = AppIcon;
				CODE_SIGN_STYLE = Automatic;
				DEVELOPMENT_TEAM = J2MDH2WMW7;
				INFOPLIST_FILE = shoppingApp/Info.plist;
				LD_RUNPATH_SEARCH_PATHS = "$(inherited) @executable_path/Frameworks";
				PRODUCT_BUNDLE_IDENTIFIER = Devign.shoppingApp;
				PRODUCT_NAME = "$(TARGET_NAME)";
				SWIFT_VERSION = 4.0;
				TARGETED_DEVICE_FAMILY = "1,2";
			};
			name = Release;
		};
		69A78B9C1FB01A07005DCB75 /* Debug */ = {
			isa = XCBuildConfiguration;
			buildSettings = {
				ALWAYS_EMBED_SWIFT_STANDARD_LIBRARIES = YES;
				BUNDLE_LOADER = "$(TEST_HOST)";
				CODE_SIGN_STYLE = Automatic;
				DEVELOPMENT_TEAM = J2MDH2WMW7;
				INFOPLIST_FILE = shoppingAppTests/Info.plist;
				LD_RUNPATH_SEARCH_PATHS = "$(inherited) @executable_path/Frameworks @loader_path/Frameworks";
				PRODUCT_BUNDLE_IDENTIFIER = Devign.shoppingAppTests;
				PRODUCT_NAME = "$(TARGET_NAME)";
				SWIFT_VERSION = 4.0;
				TARGETED_DEVICE_FAMILY = "1,2";
				TEST_HOST = "$(BUILT_PRODUCTS_DIR)/shoppingApp.app/shoppingApp";
			};
			name = Debug;
		};
		69A78B9D1FB01A07005DCB75 /* Release */ = {
			isa = XCBuildConfiguration;
			buildSettings = {
				ALWAYS_EMBED_SWIFT_STANDARD_LIBRARIES = YES;
				BUNDLE_LOADER = "$(TEST_HOST)";
				CODE_SIGN_STYLE = Automatic;
				DEVELOPMENT_TEAM = J2MDH2WMW7;
				INFOPLIST_FILE = shoppingAppTests/Info.plist;
				LD_RUNPATH_SEARCH_PATHS = "$(inherited) @executable_path/Frameworks @loader_path/Frameworks";
				PRODUCT_BUNDLE_IDENTIFIER = Devign.shoppingAppTests;
				PRODUCT_NAME = "$(TARGET_NAME)";
				SWIFT_VERSION = 4.0;
				TARGETED_DEVICE_FAMILY = "1,2";
				TEST_HOST = "$(BUILT_PRODUCTS_DIR)/shoppingApp.app/shoppingApp";
			};
			name = Release;
		};
		69A78B9F1FB01A07005DCB75 /* Debug */ = {
			isa = XCBuildConfiguration;
			buildSettings = {
				ALWAYS_EMBED_SWIFT_STANDARD_LIBRARIES = YES;
				CODE_SIGN_STYLE = Automatic;
				DEVELOPMENT_TEAM = J2MDH2WMW7;
				INFOPLIST_FILE = shoppingAppUITests/Info.plist;
				LD_RUNPATH_SEARCH_PATHS = "$(inherited) @executable_path/Frameworks @loader_path/Frameworks";
				PRODUCT_BUNDLE_IDENTIFIER = Devign.shoppingAppUITests;
				PRODUCT_NAME = "$(TARGET_NAME)";
				SWIFT_VERSION = 4.0;
				TARGETED_DEVICE_FAMILY = "1,2";
				TEST_TARGET_NAME = shoppingApp;
			};
			name = Debug;
		};
		69A78BA01FB01A07005DCB75 /* Release */ = {
			isa = XCBuildConfiguration;
			buildSettings = {
				ALWAYS_EMBED_SWIFT_STANDARD_LIBRARIES = YES;
				CODE_SIGN_STYLE = Automatic;
				DEVELOPMENT_TEAM = J2MDH2WMW7;
				INFOPLIST_FILE = shoppingAppUITests/Info.plist;
				LD_RUNPATH_SEARCH_PATHS = "$(inherited) @executable_path/Frameworks @loader_path/Frameworks";
				PRODUCT_BUNDLE_IDENTIFIER = Devign.shoppingAppUITests;
				PRODUCT_NAME = "$(TARGET_NAME)";
				SWIFT_VERSION = 4.0;
				TARGETED_DEVICE_FAMILY = "1,2";
				TEST_TARGET_NAME = shoppingApp;
			};
			name = Release;
		};
/* End XCBuildConfiguration section */

/* Begin XCConfigurationList section */
		69A78B6B1FB01A06005DCB75 /* Build configuration list for PBXProject "shoppingApp" */ = {
			isa = XCConfigurationList;
			buildConfigurations = (
				69A78B961FB01A07005DCB75 /* Debug */,
				69A78B971FB01A07005DCB75 /* Release */,
			);
			defaultConfigurationIsVisible = 0;
			defaultConfigurationName = Release;
		};
		69A78B981FB01A07005DCB75 /* Build configuration list for PBXNativeTarget "shoppingApp" */ = {
			isa = XCConfigurationList;
			buildConfigurations = (
				69A78B991FB01A07005DCB75 /* Debug */,
				69A78B9A1FB01A07005DCB75 /* Release */,
			);
			defaultConfigurationIsVisible = 0;
			defaultConfigurationName = Release;
		};
		69A78B9B1FB01A07005DCB75 /* Build configuration list for PBXNativeTarget "shoppingAppTests" */ = {
			isa = XCConfigurationList;
			buildConfigurations = (
				69A78B9C1FB01A07005DCB75 /* Debug */,
				69A78B9D1FB01A07005DCB75 /* Release */,
			);
			defaultConfigurationIsVisible = 0;
			defaultConfigurationName = Release;
		};
		69A78B9E1FB01A07005DCB75 /* Build configuration list for PBXNativeTarget "shoppingAppUITests" */ = {
			isa = XCConfigurationList;
			buildConfigurations = (
				69A78B9F1FB01A07005DCB75 /* Debug */,
				69A78BA01FB01A07005DCB75 /* Release */,
			);
			defaultConfigurationIsVisible = 0;
			defaultConfigurationName = Release;
		};
/* End XCConfigurationList section */
	};
	rootObject = 69A78B681FB01A06005DCB75 /* Project object */;
}
